
Microsoft Visual Studio Solution File, Format Version 12.00
# Visual Studio 15
VisualStudioVersion = 15.0.28010.2019
MinimumVisualStudioVersion = 10.0.40219.1
Project("{FAE04EC0-301F-11D3-BF4B-00C04F79EFBC}") = "ProjPilhaTransp", "ProjPilhaTransp\ProjPilhaTransp.csproj", "{9694659B-52C1-46C0-96C3-B3D00C9BCBFD}"
EndProject
Global
	GlobalSection(SolutionConfigurationPlatforms) = preSolution
		Debug|Any CPU = Debug|Any CPU
		Release|Any CPU = Release|Any CPU
	EndGlobalSection
	GlobalSection(ProjectConfigurationPlatforms) = postSolution
		{9694659B-52C1-46C0-96C3-B3D00C9BCBFD}.Debug|Any CPU.ActiveCfg = Debug|Any CPU
		{9694659B-52C1-46C0-96C3-B3D00C9BCBFD}.Debug|Any CPU.Build.0 = Debug|Any CPU
		{9694659B-52C1-46C0-96C3-B3D00C9BCBFD}.Release|Any CPU.ActiveCfg = Release|Any CPU
		{9694659B-52C1-46C0-96C3-B3D00C9BCBFD}.Release|Any CPU.Build.0 = Release|Any CPU
	EndGlobalSection
	GlobalSection(SolutionProperties) = preSolution
		HideSolutionNode = FALSE
	EndGlobalSection
	GlobalSection(ExtensibilityGlobals) = postSolution
		SolutionGuid = {6050D7A0-9C8D-4F13-AD12-8C566C99B750}
	EndGlobalSection
EndGlobal
